{
  "name": "noskey",
  "version": "0.0.1",
  "lockfileVersion": 2,
  "requires": true,
  "packages": {
    "": {
      "name": "noskey",
      "version": "0.0.1",
      "license": "MIT",
      "dependencies": {
        "nostr-tools": "^1.1.1"
      },
      "bin": {
        "noskey": "bin/noskey.js"
      }
    },
    "node_modules/@noble/hashes": {
      "version": "0.5.9",
      "resolved": "https://registry.npmjs.org/@noble/hashes/-/hashes-0.5.9.tgz",
      "integrity": "sha512-7lN1Qh6d8DUGmfN36XRsbN/WcGIPNtTGhkw26vWId/DlCIGsYJJootTtPGghTLcn/AaXPx2Q0b3cacrwXa7OVw=="
    },
    "node_modules/@noble/secp256k1": {
      "version": "1.7.0",
      "resolved": "https://registry.npmjs.org/@noble/secp256k1/-/secp256k1-1.7.0.tgz",
      "integrity": "sha512-kbacwGSsH/CTout0ZnZWxnW1B+jH/7r/WAAKLBtrRJ/+CUH7lgmQzl3GTrQua3SGKWNSDsS6lmjnDpIJ5Dxyaw==",
      "funding": [
        {
          "type": "individual",
          "url": "https://paulmillr.com/funding/"
        }
      ]
    },
    "node_modules/@scure/base": {
      "version": "1.1.1",
      "resolved": "https://registry.npmjs.org/@scure/base/-/base-1.1.1.tgz",
      "integrity": "sha512-ZxOhsSyxYwLJj3pLZCefNitxsj093tb2vq90mp2txoYeBqbcjDjqFhyM8eUjq/uFm6zJ+mUuqxlS2FkuSY1MTA==",
      "funding": [
        {
          "type": "individual",
          "url": "https://paulmillr.com/funding/"
        }
      ]
    },
    "node_modules/@scure/bip32": {
      "version": "1.1.1",
      "resolved": "https://registry.npmjs.org/@scure/bip32/-/bip32-1.1.1.tgz",
      "integrity": "sha512-UmI+liY7np2XakaW+6lMB6HZnpczWk1yXZTxvg8TM8MdOcKHCGL1YkraGj8eAjPfMwFNiAyek2hXmS/XFbab8g==",
      "funding": [
        {
          "type": "individual",
          "url": "https://paulmillr.com/funding/"
        }
      ],
      "dependencies": {
        "@noble/hashes": "~1.1.3",
        "@noble/secp256k1": "~1.7.0",
        "@scure/base": "~1.1.0"
      }
    },
    "node_modules/@scure/bip32/node_modules/@noble/hashes": {
      "version": "1.1.5",
      "resolved": "https://registry.npmjs.org/@noble/hashes/-/hashes-1.1.5.tgz",
      "integrity": "sha512-LTMZiiLc+V4v1Yi16TD6aX2gmtKszNye0pQgbaLqkvhIqP7nVsSaJsWloGQjJfJ8offaoP5GtX3yY5swbcJxxQ==",
      "funding": [
        {
          "type": "individual",
          "url": "https://paulmillr.com/funding/"
        }
      ]
    },
    "node_modules/@scure/bip39": {
      "version": "1.1.0",
      "resolved": "https://registry.npmjs.org/@scure/bip39/-/bip39-1.1.0.tgz",
      "integrity": "sha512-pwrPOS16VeTKg98dYXQyIjJEcWfz7/1YJIwxUEPFfQPtc86Ym/1sVgQ2RLoD43AazMk2l/unK4ITySSpW2+82w==",
      "funding": [
        {
          "type": "individual",
          "url": "https://paulmillr.com/funding/"
        }
      ],
      "dependencies": {
        "@noble/hashes": "~1.1.1",
        "@scure/base": "~1.1.0"
      }
    },
    "node_modules/@scure/bip39/node_modules/@noble/hashes": {
      "version": "1.1.5",
      "resolved": "https://registry.npmjs.org/@noble/hashes/-/hashes-1.1.5.tgz",
      "integrity": "sha512-LTMZiiLc+V4v1Yi16TD6aX2gmtKszNye0pQgbaLqkvhIqP7nVsSaJsWloGQjJfJ8offaoP5GtX3yY5swbcJxxQ==",
      "funding": [
        {
          "type": "individual",
          "url": "https://paulmillr.com/funding/"
        }
      ]
    },
    "node_modules/nostr-tools": {
      "version": "1.1.1",
      "resolved": "https://registry.npmjs.org/nostr-tools/-/nostr-tools-1.1.1.tgz",
      "integrity": "sha512-mxgjbHR6nx2ACBNa2tBpeM/glsPWqxHPT1Kszx/XfzL+kUdi1Gm3Xz1UcaODQ2F84IFtCKNLO+aF31ZfTAhSYQ==",
      "dependencies": {
        "@noble/hashes": "^0.5.7",
        "@noble/secp256k1": "^1.7.0",
        "@scure/base": "^1.1.1",
        "@scure/bip32": "^1.1.1",
        "@scure/bip39": "^1.1.0"
      }
    }
  },
  "dependencies": {
    "@noble/hashes": {
      "version": "0.5.9",
      "resolved": "https://registry.npmjs.org/@noble/hashes/-/hashes-0.5.9.tgz",
      "integrity": "sha512-7lN1Qh6d8DUGmfN36XRsbN/WcGIPNtTGhkw26vWId/DlCIGsYJJootTtPGghTLcn/AaXPx2Q0b3cacrwXa7OVw=="
    },
    "@noble/secp256k1": {
      "version": "1.7.0",
      "resolved": "https://registry.npmjs.org/@noble/secp256k1/-/secp256k1-1.7.0.tgz",
      "integrity": "sha512-kbacwGSsH/CTout0ZnZWxnW1B+jH/7r/WAAKLBtrRJ/+CUH7lgmQzl3GTrQua3SGKWNSDsS6lmjnDpIJ5Dxyaw=="
    },
    "@scure/base": {
      "version": "1.1.1",
      "resolved": "https://registry.npmjs.org/@scure/base/-/base-1.1.1.tgz",
      "integrity": "sha512-ZxOhsSyxYwLJj3pLZCefNitxsj093tb2vq90mp2txoYeBqbcjDjqFhyM8eUjq/uFm6zJ+mUuqxlS2FkuSY1MTA=="
    },
    "@scure/bip32": {
      "version": "1.1.1",
      "resolved": "https://registry.npmjs.org/@scure/bip32/-/bip32-1.1.1.tgz",
      "integrity": "sha512-UmI+liY7np2XakaW+6lMB6HZnpczWk1yXZTxvg8TM8MdOcKHCGL1YkraGj8eAjPfMwFNiAyek2hXmS/XFbab8g==",
      "requires": {
        "@noble/hashes": "~1.1.3",
        "@noble/secp256k1": "~1.7.0",
        "@scure/base": "~1.1.0"
      },
      "dependencies": {
        "@noble/hashes": {
          "version": "1.1.5",
          "resolved": "https://registry.npmjs.org/@noble/hashes/-/hashes-1.1.5.tgz",
          "integrity": "sha512-LTMZiiLc+V4v1Yi16TD6aX2gmtKszNye0pQgbaLqkvhIqP7nVsSaJsWloGQjJfJ8offaoP5GtX3yY5swbcJxxQ=="
        }
      }
    },
    "@scure/bip39": {
      "version": "1.1.0",
      "resolved": "https://registry.npmjs.org/@scure/bip39/-/bip39-1.1.0.tgz",
      "integrity": "sha512-pwrPOS16VeTKg98dYXQyIjJEcWfz7/1YJIwxUEPFfQPtc86Ym/1sVgQ2RLoD43AazMk2l/unK4ITySSpW2+82w==",
      "requires": {
        "@noble/hashes": "~1.1.1",
        "@scure/base": "~1.1.0"
      },
      "dependencies": {
        "@noble/hashes": {
          "version": "1.1.5",
          "resolved": "https://registry.npmjs.org/@noble/hashes/-/hashes-1.1.5.tgz",
          "integrity": "sha512-LTMZiiLc+V4v1Yi16TD6aX2gmtKszNye0pQgbaLqkvhIqP7nVsSaJsWloGQjJfJ8offaoP5GtX3yY5swbcJxxQ=="
        }
      }
    },
    "nostr-tools": {
      "version": "1.1.1",
      "resolved": "https://registry.npmjs.org/nostr-tools/-/nostr-tools-1.1.1.tgz",
      "integrity": "sha512-mxgjbHR6nx2ACBNa2tBpeM/glsPWqxHPT1Kszx/XfzL+kUdi1Gm3Xz1UcaODQ2F84IFtCKNLO+aF31ZfTAhSYQ==",
      "requires": {
        "@noble/hashes": "^0.5.7",
        "@noble/secp256k1": "^1.7.0",
        "@scure/base": "^1.1.1",
        "@scure/bip32": "^1.1.1",
        "@scure/bip39": "^1.1.0"
      }
    }
  }
}
